
Microsoft Visual Studio Solution File, Format Version 12.00
# Visual Studio 16
Project("{FAE04EC0-301F-11D3-BF4B-00C04F79EFBC}") = "Assembly-CSharp", "Assembly-CSharp.csproj", "{8083EC11-A2A8-3458-BE93-F202A08BD048}"
EndProject
Global
	GlobalSection(SolutionConfigurationPlatforms) = preSolution
		Debug|Any CPU = Debug|Any CPU
		Release|Any CPU = Release|Any CPU
	EndGlobalSection
	GlobalSection(ProjectConfigurationPlatforms) = postSolution
		{8083EC11-A2A8-3458-BE93-F202A08BD048}.Debug|Any CPU.ActiveCfg = Debug|Any CPU
		{8083EC11-A2A8-3458-BE93-F202A08BD048}.Debug|Any CPU.Build.0 = Debug|Any CPU
		{8083EC11-A2A8-3458-BE93-F202A08BD048}.Release|Any CPU.ActiveCfg = Release|Any CPU
		{8083EC11-A2A8-3458-BE93-F202A08BD048}.Release|Any CPU.Build.0 = Release|Any CPU
	EndGlobalSection
	GlobalSection(SolutionProperties) = preSolution
		HideSolutionNode = FALSE
	EndGlobalSection
EndGlobal
